
Microsoft Visual Studio Solution File, Format Version 12.00
# Visual Studio Version 17
VisualStudioVersion = 17.0.31903.59
MinimumVisualStudioVersion = 10.0.40219.1
Project("{FAE04EC0-301F-11D3-BF4B-00C04F79EFBC}") = "console-ui", "console-ui\console-ui.csproj", "{013E9838-0BC2-44C6-9036-87769A846369}"
EndProject
Project("{FAE04EC0-301F-11D3-BF4B-00C04F79EFBC}") = "api", "api\api.csproj", "{B52E4685-3D7D-4B0A-953C-4FBDC1E344EF}"
EndProject
Global
	GlobalSection(SolutionConfigurationPlatforms) = preSolution
		Debug|Any CPU = Debug|Any CPU
		Release|Any CPU = Release|Any CPU
	EndGlobalSection
	GlobalSection(SolutionProperties) = preSolution
		HideSolutionNode = FALSE
	EndGlobalSection
	GlobalSection(ProjectConfigurationPlatforms) = postSolution
		{013E9838-0BC2-44C6-9036-87769A846369}.Debug|Any CPU.ActiveCfg = Debug|Any CPU
		{013E9838-0BC2-44C6-9036-87769A846369}.Debug|Any CPU.Build.0 = Debug|Any CPU
		{013E9838-0BC2-44C6-9036-87769A846369}.Release|Any CPU.ActiveCfg = Release|Any CPU
		{013E9838-0BC2-44C6-9036-87769A846369}.Release|Any CPU.Build.0 = Release|Any CPU
		{B52E4685-3D7D-4B0A-953C-4FBDC1E344EF}.Debug|Any CPU.ActiveCfg = Debug|Any CPU
		{B52E4685-3D7D-4B0A-953C-4FBDC1E344EF}.Debug|Any CPU.Build.0 = Debug|Any CPU
		{B52E4685-3D7D-4B0A-953C-4FBDC1E344EF}.Release|Any CPU.ActiveCfg = Release|Any CPU
		{B52E4685-3D7D-4B0A-953C-4FBDC1E344EF}.Release|Any CPU.Build.0 = Release|Any CPU
	EndGlobalSection
EndGlobal
